
Microsoft Visual Studio Solution File, Format Version 12.00
# Visual Studio Version 17
VisualStudioVersion = 17.6.33829.357
MinimumVisualStudioVersion = 10.0.40219.1
Project("{9A19103F-16F7-4668-BE54-9A1E7A4F7556}") = "ClinicService", "ClinicService\ClinicService.csproj", "{C31A0229-AD9B-45F0-81FF-C1BD06AE575D}"
EndProject
Project("{9A19103F-16F7-4668-BE54-9A1E7A4F7556}") = "ClinicConsole", "ClinicConsole\ClinicConsole.csproj", "{1A56D3FC-AD7E-4804-A58D-6DADD9EA32C9}"
EndProject
Project("{9A19103F-16F7-4668-BE54-9A1E7A4F7556}") = "ClinicDesctop", "ClinicDesctop\ClinicDesctop.csproj", "{466A6C96-CCDD-47CA-9337-AB794D4239C2}"
EndProject
Project("{9A19103F-16F7-4668-BE54-9A1E7A4F7556}") = "ClinicService.Data", "ClinicService.Data\ClinicService.Data.csproj", "{7117858E-2623-42A9-90CE-0B6F7A2B537E}"
EndProject
Project("{FAE04EC0-301F-11D3-BF4B-00C04F79EFBC}") = "ClinicServiceTests", "ClinicServiceTests\ClinicServiceTests.csproj", "{020E4E43-2BE0-458A-9CDE-F5F02F0E9318}"
EndProject
Global
	GlobalSection(SolutionConfigurationPlatforms) = preSolution
		Debug|Any CPU = Debug|Any CPU
		Release|Any CPU = Release|Any CPU
	EndGlobalSection
	GlobalSection(ProjectConfigurationPlatforms) = postSolution
		{C31A0229-AD9B-45F0-81FF-C1BD06AE575D}.Debug|Any CPU.ActiveCfg = Debug|Any CPU
		{C31A0229-AD9B-45F0-81FF-C1BD06AE575D}.Debug|Any CPU.Build.0 = Debug|Any CPU
		{C31A0229-AD9B-45F0-81FF-C1BD06AE575D}.Release|Any CPU.ActiveCfg = Release|Any CPU
		{C31A0229-AD9B-45F0-81FF-C1BD06AE575D}.Release|Any CPU.Build.0 = Release|Any CPU
		{1A56D3FC-AD7E-4804-A58D-6DADD9EA32C9}.Debug|Any CPU.ActiveCfg = Debug|Any CPU
		{1A56D3FC-AD7E-4804-A58D-6DADD9EA32C9}.Debug|Any CPU.Build.0 = Debug|Any CPU
		{1A56D3FC-AD7E-4804-A58D-6DADD9EA32C9}.Release|Any CPU.ActiveCfg = Release|Any CPU
		{1A56D3FC-AD7E-4804-A58D-6DADD9EA32C9}.Release|Any CPU.Build.0 = Release|Any CPU
		{466A6C96-CCDD-47CA-9337-AB794D4239C2}.Debug|Any CPU.ActiveCfg = Debug|Any CPU
		{466A6C96-CCDD-47CA-9337-AB794D4239C2}.Debug|Any CPU.Build.0 = Debug|Any CPU
		{466A6C96-CCDD-47CA-9337-AB794D4239C2}.Release|Any CPU.ActiveCfg = Release|Any CPU
		{466A6C96-CCDD-47CA-9337-AB794D4239C2}.Release|Any CPU.Build.0 = Release|Any CPU
		{7117858E-2623-42A9-90CE-0B6F7A2B537E}.Debug|Any CPU.ActiveCfg = Debug|Any CPU
		{7117858E-2623-42A9-90CE-0B6F7A2B537E}.Debug|Any CPU.Build.0 = Debug|Any CPU
		{7117858E-2623-42A9-90CE-0B6F7A2B537E}.Release|Any CPU.ActiveCfg = Release|Any CPU
		{7117858E-2623-42A9-90CE-0B6F7A2B537E}.Release|Any CPU.Build.0 = Release|Any CPU
		{020E4E43-2BE0-458A-9CDE-F5F02F0E9318}.Debug|Any CPU.ActiveCfg = Debug|Any CPU
		{020E4E43-2BE0-458A-9CDE-F5F02F0E9318}.Debug|Any CPU.Build.0 = Debug|Any CPU
		{020E4E43-2BE0-458A-9CDE-F5F02F0E9318}.Release|Any CPU.ActiveCfg = Release|Any CPU
		{020E4E43-2BE0-458A-9CDE-F5F02F0E9318}.Release|Any CPU.Build.0 = Release|Any CPU
	EndGlobalSection
	GlobalSection(SolutionProperties) = preSolution
		HideSolutionNode = FALSE
	EndGlobalSection
	GlobalSection(ExtensibilityGlobals) = postSolution
		SolutionGuid = {A354E8F3-AF39-4734-871D-BE3CC428BB7C}
	EndGlobalSection
EndGlobal
